// !$*UTF8*$!
{
	archiveVersion = 1;
	classes = {
	};
	objectVersion = 50;
	objects = {

/* Begin PBXBuildFile section */
		6A41B1C821421A7D00BDC6EE /* AppDelegate.m in Sources */ = {isa = PBXBuildFile; fileRef = 6A41B1C721421A7D00BDC6EE /* AppDelegate.m */; };
		6A41B1CB21421A7D00BDC6EE /* ViewController.m in Sources */ = {isa = PBXBuildFile; fileRef = 6A41B1CA21421A7D00BDC6EE /* ViewController.m */; };
		6A41B1CE21421A7D00BDC6EE /* Main.storyboard in Resources */ = {isa = PBXBuildFile; fileRef = 6A41B1CC21421A7D00BDC6EE /* Main.storyboard */; };
		6A41B1D021421A8000BDC6EE /* Assets.xcassets in Resources */ = {isa = PBXBuildFile; fileRef = 6A41B1CF21421A8000BDC6EE /* Assets.xcassets */; };
		6A41B1D321421A8000BDC6EE /* LaunchScreen.storyboard in Resources */ = {isa = PBXBuildFile; fileRef = 6A41B1D121421A8000BDC6EE /* LaunchScreen.storyboard */; };
		6A41B1D621421A8000BDC6EE /* main.m in Sources */ = {isa = PBXBuildFile; fileRef = 6A41B1D521421A8000BDC6EE /* main.m */; };
/* End PBXBuildFile section */

/* Begin PBXFileReference section */
		6A41B1C321421A7D00BDC6EE /* Richinfo.app */ = {isa = PBXFileReference; explicitFileType = wrapper.application; includeInIndex = 0; path = Richinfo.app; sourceTree = BUILT_PRODUCTS_DIR; };
		6A41B1C621421A7D00BDC6EE /* AppDelegate.h */ = {isa = PBXFileReference; lastKnownFileType = sourcecode.c.h; path = AppDelegate.h; sourceTree = "<group>"; };
		6A41B1C721421A7D00BDC6EE /* AppDelegate.m */ = {isa = PBXFileReference; lastKnownFileType = sourcecode.c.objc; path = AppDelegate.m; sourceTree = "<group>"; };
		6A41B1C921421A7D00BDC6EE /* ViewController.h */ = {isa = PBXFileReference; lastKnownFileType = sourcecode.c.h; path = ViewController.h; sourceTree = "<group>"; };
		6A41B1CA21421A7D00BDC6EE /* ViewController.m */ = {isa = PBXFileReference; lastKnownFileType = sourcecode.c.objc; path = ViewController.m; sourceTree = "<group>"; };
		6A41B1CD21421A7D00BDC6EE /* Base */ = {isa = PBXFileReference; lastKnownFileType = file.storyboard; name = Base; path = Base.lproj/Main.storyboard; sourceTree = "<group>"; };
		6A41B1CF21421A8000BDC6EE /* Assets.xcassets */ = {isa = PBXFileReference; lastKnownFileType = folder.assetcatalog; path = Assets.xcassets; sourceTree = "<group>"; };
		6A41B1D221421A8000BDC6EE /* Base */ = {isa = PBXFileReference; lastKnownFileType = file.storyboard; name = Base; path = Base.lproj/LaunchScreen.storyboard; sourceTree = "<group>"; };
		6A41B1D421421A8000BDC6EE /* Info.plist */ = {isa = PBXFileReference; lastKnownFileType = text.plist.xml; path = Info.plist; sourceTree = "<group>"; };
		6A41B1D521421A8000BDC6EE /* main.m */ = {isa = PBXFileReference; lastKnownFileType = sourcecode.c.objc; path = main.m; sourceTree = "<group>"; };
/* End PBXFileReference section */

/* Begin PBXFrameworksBuildPhase section */
		6A41B1C021421A7D00BDC6EE /* Frameworks */ = {
			isa = PBXFrameworksBuildPhase;
			buildActionMask = 2147483647;
			files = (
			);
			runOnlyForDeploymentPostprocessing = 0;
		};
/* End PBXFrameworksBuildPhase section */

/* Begin PBXGroup section */
		6A41B1BA21421A7D00BDC6EE = {
			isa = PBXGroup;
			children = (
				6A41B1C521421A7D00BDC6EE /* Richinfo */,
				6A41B1C421421A7D00BDC6EE /* Products */,
			);
			sourceTree = "<group>";
		};
		6A41B1C421421A7D00BDC6EE /* Products */ = {
			isa = PBXGroup;
			children = (
				6A41B1C321421A7D00BDC6EE /* Richinfo.app */,
			);
			name = Products;
			sourceTree = "<group>";
		};
		6A41B1C521421A7D00BDC6EE /* Richinfo */ = {
			isa = PBXGroup;
			children = (
				6A41B1C621421A7D00BDC6EE /* AppDelegate.h */,
				6A41B1C721421A7D00BDC6EE /* AppDelegate.m */,
				6A41B1C921421A7D00BDC6EE /* ViewController.h */,
				6A41B1CA21421A7D00BDC6EE /* ViewController.m */,
				6A41B1CC21421A7D00BDC6EE /* Main.storyboard */,
				6A41B1CF21421A8000BDC6EE /* Assets.xcassets */,
				6A41B1D121421A8000BDC6EE /* LaunchScreen.storyboard */,
				6A41B1D421421A8000BDC6EE /* Info.plist */,
				6A41B1D521421A8000BDC6EE /* main.m */,
			);
			path = Richinfo;
			sourceTree = "<group>";
		};
/* End PBXGroup section */

/* Begin PBXNativeTarget section */
		6A41B1C221421A7D00BDC6EE /* Richinfo */ = {
			isa = PBXNativeTarget;
			buildConfigurationList = 6A41B1D921421A8000BDC6EE /* Build configuration list for PBXNativeTarget "Richinfo" */;
			buildPhases = (
				6A41B1BF21421A7D00BDC6EE /* Sources */,
				6A41B1C021421A7D00BDC6EE /* Frameworks */,
				6A41B1C121421A7D00BDC6EE /* Resources */,
			);
			buildRules = (
			);
			dependencies = (
			);
			name = Richinfo;
			productName = Richinfo;
			productReference = 6A41B1C321421A7D00BDC6EE /* Richinfo.app */;
			productType = "com.apple.product-type.application";
		};
/* End PBXNativeTarget section */

/* Begin PBXProject section */
		6A41B1BB21421A7D00BDC6EE /* Project object */ = {
			isa = PBXProject;
			attributes = {
				LastUpgradeCheck = 0940;
				ORGANIZATIONNAME = "彩讯科技股份有限公司";
				TargetAttributes = {
					6A41B1C221421A7D00BDC6EE = {
						CreatedOnToolsVersion = 9.4.1;
					};
				};
			};
			buildConfigurationList = 6A41B1BE21421A7D00BDC6EE /* Build configuration list for PBXProject "Richinfo" */;
			compatibilityVersion = "Xcode 9.3";
			developmentRegion = en;
			hasScannedForEncodings = 0;
			knownRegions = (
				en,
				Base,
			);
			mainGroup = 6A41B1BA21421A7D00BDC6EE;
			productRefGroup = 6A41B1C421421A7D00BDC6EE /* Products */;
			projectDirPath = "";
			projectRoot = "";
			targets = (
				6A41B1C221421A7D00BDC6EE /* Richinfo */,
			);
		};
/* End PBXProject section */

/* Begin PBXResourcesBuildPhase section */
		6A41B1C121421A7D00BDC6EE /* Resources */ = {
			isa = PBXResourcesBuildPhase;
			buildActionMask = 2147483647;
			files = (
				6A41B1D321421A8000BDC6EE /* LaunchScreen.storyboard in Resources */,
				6A41B1D021421A8000BDC6EE /* Assets.xcassets in Resources */,
				6A41B1CE21421A7D00BDC6EE /* Main.storyboard in Resources */,
			);
			runOnlyForDeploymentPostprocessing = 0;
		};
/* End PBXResourcesBuildPhase section */

/* Begin PBXSourcesBuildPhase section */
		6A41B1BF21421A7D00BDC6EE /* Sources */ = {
			isa = PBXSourcesBuildPhase;
			buildActionMask = 2147483647;
			files = (
				6A41B1CB21421A7D00BDC6EE /* ViewController.m in Sources */,
				6A41B1D621421A8000BDC6EE /* main.m in Sources */,
				6A41B1C821421A7D00BDC6EE /* AppDelegate.m in Sources */,
			);
			runOnlyForDeploymentPostprocessing = 0;
		};
/* End PBXSourcesBuildPhase section */

/* Begin PBXVariantGroup section */
		6A41B1CC21421A7D00BDC6EE /* Main.storyboard */ = {
			isa = PBXVariantGroup;
			children = (
				6A41B1CD21421A7D00BDC6EE /* Base */,
			);
			name = Main.storyboard;
			sourceTree = "<group>";
		};
		6A41B1D121421A8000BDC6EE /* LaunchScreen.storyboard */ = {
			isa = PBXVariantGroup;
			children = (
				6A41B1D221421A8000BDC6EE /* Base */,
			);
			name = LaunchScreen.storyboard;
			sourceTree = "<group>";
		};
/* End PBXVariantGroup section */

/* Begin XCBuildConfiguration section */
		6A41B1D721421A8000BDC6EE /* Debug */ = {
			isa = XCBuildConfiguration;
			buildSettings = {
				ALWAYS_SEARCH_USER_PATHS = NO;
				CLANG_ANALYZER_NONNULL = YES;
				CLANG_ANALYZER_NUMBER_OBJECT_CONVERSION = YES_AGGRESSIVE;
				CLANG_CXX_LANGUAGE_STANDARD = "gnu++14";
				CLANG_CXX_LIBRARY = "libc++";
				CLANG_ENABLE_MODULES = YES;
				CLANG_ENABLE_OBJC_ARC = YES;
				CLANG_ENABLE_OBJC_WEAK = YES;
				CLANG_WARN_BLOCK_CAPTURE_AUTORELEASING = YES;
				CLANG_WARN_BOOL_CONVERSION = YES;
				CLANG_WARN_COMMA = YES;
				CLANG_WARN_CONSTANT_CONVERSION = YES;
				CLANG_WARN_DEPRECATED_OBJC_IMPLEMENTATIONS = YES;
				CLANG_WARN_DIRECT_OBJC_ISA_USAGE = YES_ERROR;
				CLANG_WARN_DOCUMENTATION_COMMENTS = YES;
				CLANG_WARN_EMPTY_BODY = YES;
				CLANG_WARN_ENUM_CONVERSION = YES;
				CLANG_WARN_INFINITE_RECURSION = YES;
				CLANG_WARN_INT_CONVERSION = YES;
				CLANG_WARN_NON_LITERAL_NULL_CONVERSION = YES;
				CLANG_WARN_OBJC_IMPLICIT_RETAIN_SELF = YES;
				CLANG_WARN_OBJC_LITERAL_CONVERSION = YES;
				CLANG_WARN_OBJC_ROOT_CLASS = YES_ERROR;
				CLANG_WARN_RANGE_LOOP_ANALYSIS = YES;
				CLANG_WARN_STRICT_PROTOTYPES = YES;
				CLANG_WARN_SUSPICIOUS_MOVE = YES;
				CLANG_WARN_UNGUARDED_AVAILABILITY = YES_AGGRESSIVE;
				CLANG_WARN_UNREACHABLE_CODE = YES;
				CLANG_WARN__DUPLICATE_METHOD_MATCH = YES;
				CODE_SIGN_IDENTITY = "iPhone Developer";
				COPY_PHASE_STRIP = NO;
				DEBUG_INFORMATION_FORMAT = dwarf;
				ENABLE_STRICT_OBJC_MSGSEND = YES;
				ENABLE_TESTABILITY = YES;
				GCC_C_LANGUAGE_STANDARD = gnu11;
				GCC_DYNAMIC_NO_PIC = NO;
				GCC_NO_COMMON_BLOCKS = YES;
				GCC_OPTIMIZATION_LEVEL = 0;
				GCC_PREPROCESSOR_DEFINITIONS = (
					"DEBUG=1",
					"$(inherited)",
				);
				GCC_WARN_64_TO_32_BIT_CONVERSION = YES;
				GCC_WARN_ABOUT_RETURN_TYPE = YES_ERROR;
				GCC_WARN_UNDECLARED_SELECTOR = YES;
				GCC_WARN_UNINITIALIZED_AUTOS = YES_AGGRESSIVE;
				GCC_WARN_UNUSED_FUNCTION = YES;
				GCC_WARN_UNUSED_VARIABLE = YES;
				IPHONEOS_DEPLOYMENT_TARGET = 8.0;
				MTL_ENABLE_DEBUG_INFO = YES;
				ONLY_ACTIVE_ARCH = YES;
				SDKROOT = iphoneos;
			};
			name = Debug;
		};
		6A41B1D821421A8000BDC6EE /* Release */ = {
			isa = XCBuildConfiguration;
			buildSettings = {
				ALWAYS_SEARCH_USER_PATHS = NO;
				CLANG_ANALYZER_NONNULL = YES;
				CLANG_ANALYZER_NUMBER_OBJECT_CONVERSION = YES_AGGRESSIVE;
				CLANG_CXX_LANGUAGE_STANDARD = "gnu++14";
				CLANG_CXX_LIBRARY = "libc++";
				CLANG_ENABLE_MODULES = YES;
				CLANG_ENABLE_OBJC_ARC = YES;
				CLANG_ENABLE_OBJC_WEAK = YES;
				CLANG_WARN_BLOCK_CAPTURE_AUTORELEASING = YES;
				CLANG_WARN_BOOL_CONVERSION = YES;
				CLANG_WARN_COMMA = YES;
				CLANG_WARN_CONSTANT_CONVERSION = YES;
				CLANG_WARN_DEPRECATED_OBJC_IMPLEMENTATIONS = YES;
				CLANG_WARN_DIRECT_OBJC_ISA_USAGE = YES_ERROR;
				CLANG_WARN_DOCUMENTATION_COMMENTS = YES;
				CLANG_WARN_EMPTY_BODY = YES;
				CLANG_WARN_ENUM_CONVERSION = YES;
				CLANG_WARN_INFINITE_RECURSION = YES;
				CLANG_WARN_INT_CONVERSION = YES;
				CLANG_WARN_NON_LITERAL_NULL_CONVERSION = YES;
				CLANG_WARN_OBJC_IMPLICIT_RETAIN_SELF = YES;
				CLANG_WARN_OBJC_LITERAL_CONVERSION = YES;
				CLANG_WARN_OBJC_ROOT_CLASS = YES_ERROR;
				CLANG_WARN_RANGE_LOOP_ANALYSIS = YES;
				CLANG_WARN_STRICT_PROTOTYPES = YES;
				CLANG_WARN_SUSPICIOUS_MOVE = YES;
				CLANG_WARN_UNGUARDED_AVAILABILITY = YES_AGGRESSIVE;
				CLANG_WARN_UNREACHABLE_CODE = YES;
				CLANG_WARN__DUPLICATE_METHOD_MATCH = YES;
				CODE_SIGN_IDENTITY = "iPhone Developer";
				COPY_PHASE_STRIP = NO;
				DEBUG_INFORMATION_FORMAT = "dwarf-with-dsym";
				ENABLE_NS_ASSERTIONS = NO;
				ENABLE_STRICT_OBJC_MSGSEND = YES;
				GCC_C_LANGUAGE_STANDARD = gnu11;
				GCC_NO_COMMON_BLOCKS = YES;
				GCC_WARN_64_TO_32_BIT_CONVERSION = YES;
				GCC_WARN_ABOUT_RETURN_TYPE = YES_ERROR;
				GCC_WARN_UNDECLARED_SELECTOR = YES;
				GCC_WARN_UNINITIALIZED_AUTOS = YES_AGGRESSIVE;
				GCC_WARN_UNUSED_FUNCTION = YES;
				GCC_WARN_UNUSED_VARIABLE = YES;
				IPHONEOS_DEPLOYMENT_TARGET = 8.0;
				MTL_ENABLE_DEBUG_INFO = NO;
				SDKROOT = iphoneos;
				VALIDATE_PRODUCT = YES;
			};
			name = Release;
		};
		6A41B1DA21421A8000BDC6EE /* Debug */ = {
			isa = XCBuildConfiguration;
			buildSettings = {
				ASSETCATALOG_COMPILER_APPICON_NAME = AppIcon;
				CODE_SIGN_STYLE = Manual;
				DEVELOPMENT_TEAM = MFJCTVDYG8;
				INFOPLIST_FILE = Richinfo/Info.plist;
				IPHONEOS_DEPLOYMENT_TARGET = 8.0;
				LD_RUNPATH_SEARCH_PATHS = (
					"$(inherited)",
					"@executable_path/Frameworks",
				);
				PRODUCT_BUNDLE_IDENTIFIER = com.richinfo.Richinfo;
				PRODUCT_NAME = "$(TARGET_NAME)";
				PROVISIONING_PROFILE = "083bd812-c86b-4b19-8300-e70747dad5e9";
				PROVISIONING_PROFILE_SPECIFIER = "通用profile";
				TARGETED_DEVICE_FAMILY = "1,2";
			};
			name = Debug;
		};
		6A41B1DB21421A8000BDC6EE /* Release */ = {
			isa = XCBuildConfiguration;
			buildSettings = {
				ASSETCATALOG_COMPILER_APPICON_NAME = AppIcon;
				CODE_SIGN_STYLE = Manual;
				DEVELOPMENT_TEAM = MFJCTVDYG8;
				INFOPLIST_FILE = Richinfo/Info.plist;
				IPHONEOS_DEPLOYMENT_TARGET = 8.0;
				LD_RUNPATH_SEARCH_PATHS = (
					"$(inherited)",
					"@executable_path/Frameworks",
				);
				PRODUCT_BUNDLE_IDENTIFIER = com.richinfo.Richinfo;
				PRODUCT_NAME = "$(TARGET_NAME)";
				PROVISIONING_PROFILE = "083bd812-c86b-4b19-8300-e70747dad5e9";
				PROVISIONING_PROFILE_SPECIFIER = "通用profile";
				TARGETED_DEVICE_FAMILY = "1,2";
			};
			name = Release;
		};
/* End XCBuildConfiguration section */

/* Begin XCConfigurationList section */
		6A41B1BE21421A7D00BDC6EE /* Build configuration list for PBXProject "Richinfo" */ = {
			isa = XCConfigurationList;
			buildConfigurations = (
				6A41B1D721421A8000BDC6EE /* Debug */,
				6A41B1D821421A8000BDC6EE /* Release */,
			);
			defaultConfigurationIsVisible = 0;
			defaultConfigurationName = Release;
		};
		6A41B1D921421A8000BDC6EE /* Build configuration list for PBXNativeTarget "Richinfo" */ = {
			isa = XCConfigurationList;
			buildConfigurations = (
				6A41B1DA21421A8000BDC6EE /* Debug */,
				6A41B1DB21421A8000BDC6EE /* Release */,
			);
			defaultConfigurationIsVisible = 0;
			defaultConfigurationName = Release;
		};
/* End XCConfigurationList section */
	};
	rootObject = 6A41B1BB21421A7D00BDC6EE /* Project object */;
}
